
Microsoft Visual Studio Solution File, Format Version 10.00
# Visual Studio 2008
Project("{FAE04EC0-301F-11D3-BF4B-00C04F79EFBC}") = "imdev-wc", "imdev-wc\imdev-wc.csproj", "{44A6E14E-DB80-4289-BA41-AC3D7AAB87FD}"
EndProject
Global
	GlobalSection(SolutionConfigurationPlatforms) = preSolution
		Debug|Any CPU = Debug|Any CPU
		Release|Any CPU = Release|Any CPU
	EndGlobalSection
	GlobalSection(ProjectConfigurationPlatforms) = postSolution
		{44A6E14E-DB80-4289-BA41-AC3D7AAB87FD}.Debug|Any CPU.ActiveCfg = Debug|Any CPU
		{44A6E14E-DB80-4289-BA41-AC3D7AAB87FD}.Debug|Any CPU.Build.0 = Debug|Any CPU
		{44A6E14E-DB80-4289-BA41-AC3D7AAB87FD}.Release|Any CPU.ActiveCfg = Release|Any CPU
		{44A6E14E-DB80-4289-BA41-AC3D7AAB87FD}.Release|Any CPU.Build.0 = Release|Any CPU
	EndGlobalSection
	GlobalSection(SolutionProperties) = preSolution
		HideSolutionNode = FALSE
	EndGlobalSection
EndGlobal
